// !$*UTF8*$!
{
	archiveVersion = 1;
	classes = {
	};
	objectVersion = 50;
	objects = {

/* Begin PBXBuildFile section */
		F1F44390258D838C0052078B /* Go_4allApp.swift in Sources */ = {isa = PBXBuildFile; fileRef = F1F4438F258D838C0052078B /* Go_4allApp.swift */; };
		F1F44392258D838C0052078B /* ContentView.swift in Sources */ = {isa = PBXBuildFile; fileRef = F1F44391258D838C0052078B /* ContentView.swift */; };
		F1F44394258D83910052078B /* Assets.xcassets in Resources */ = {isa = PBXBuildFile; fileRef = F1F44393258D83910052078B /* Assets.xcassets */; };
		F1F44397258D83910052078B /* Preview Assets.xcassets in Resources */ = {isa = PBXBuildFile; fileRef = F1F44396258D83910052078B /* Preview Assets.xcassets */; };
		F1F443A2258D83910052078B /* Go_4allTests.swift in Sources */ = {isa = PBXBuildFile; fileRef = F1F443A1258D83910052078B /* Go_4allTests.swift */; };
		F1F443AD258D83910052078B /* Go_4allUITests.swift in Sources */ = {isa = PBXBuildFile; fileRef = F1F443AC258D83910052078B /* Go_4allUITests.swift */; };
		F1F443BE258DA16B0052078B /* File.swift in Sources */ = {isa = PBXBuildFile; fileRef = F1F443BD258DA16B0052078B /* File.swift */; };
/* End PBXBuildFile section */

/* Begin PBXContainerItemProxy section */
		F1F4439E258D83910052078B /* PBXContainerItemProxy */ = {
			isa = PBXContainerItemProxy;
			containerPortal = F1F44384258D838C0052078B /* Project object */;
			proxyType = 1;
			remoteGlobalIDString = F1F4438B258D838C0052078B;
			remoteInfo = "Go 4all";
		};
		F1F443A9258D83910052078B /* PBXContainerItemProxy */ = {
			isa = PBXContainerItemProxy;
			containerPortal = F1F44384258D838C0052078B /* Project object */;
			proxyType = 1;
			remoteGlobalIDString = F1F4438B258D838C0052078B;
			remoteInfo = "Go 4all";
		};
/* End PBXContainerItemProxy section */

/* Begin PBXFileReference section */
		F1F4438C258D838C0052078B /* Go 4all.app */ = {isa = PBXFileReference; explicitFileType = wrapper.application; includeInIndex = 0; path = "Go 4all.app"; sourceTree = BUILT_PRODUCTS_DIR; };
		F1F4438F258D838C0052078B /* Go_4allApp.swift */ = {isa = PBXFileReference; lastKnownFileType = sourcecode.swift; path = Go_4allApp.swift; sourceTree = "<group>"; };
		F1F44391258D838C0052078B /* ContentView.swift */ = {isa = PBXFileReference; lastKnownFileType = sourcecode.swift; path = ContentView.swift; sourceTree = "<group>"; };
		F1F44393258D83910052078B /* Assets.xcassets */ = {isa = PBXFileReference; lastKnownFileType = folder.assetcatalog; path = Assets.xcassets; sourceTree = "<group>"; };
		F1F44396258D83910052078B /* Preview Assets.xcassets */ = {isa = PBXFileReference; lastKnownFileType = folder.assetcatalog; path = "Preview Assets.xcassets"; sourceTree = "<group>"; };
		F1F44398258D83910052078B /* Info.plist */ = {isa = PBXFileReference; lastKnownFileType = text.plist.xml; path = Info.plist; sourceTree = "<group>"; };
		F1F4439D258D83910052078B /* Go 4allTests.xctest */ = {isa = PBXFileReference; explicitFileType = wrapper.cfbundle; includeInIndex = 0; path = "Go 4allTests.xctest"; sourceTree = BUILT_PRODUCTS_DIR; };
		F1F443A1258D83910052078B /* Go_4allTests.swift */ = {isa = PBXFileReference; lastKnownFileType = sourcecode.swift; path = Go_4allTests.swift; sourceTree = "<group>"; };
		F1F443A3258D83910052078B /* Info.plist */ = {isa = PBXFileReference; lastKnownFileType = text.plist.xml; path = Info.plist; sourceTree = "<group>"; };
		F1F443A8258D83910052078B /* Go 4allUITests.xctest */ = {isa = PBXFileReference; explicitFileType = wrapper.cfbundle; includeInIndex = 0; path = "Go 4allUITests.xctest"; sourceTree = BUILT_PRODUCTS_DIR; };
		F1F443AC258D83910052078B /* Go_4allUITests.swift */ = {isa = PBXFileReference; lastKnownFileType = sourcecode.swift; path = Go_4allUITests.swift; sourceTree = "<group>"; };
		F1F443AE258D83910052078B /* Info.plist */ = {isa = PBXFileReference; lastKnownFileType = text.plist.xml; path = Info.plist; sourceTree = "<group>"; };
		F1F443BD258DA16B0052078B /* File.swift */ = {isa = PBXFileReference; lastKnownFileType = sourcecode.swift; path = File.swift; sourceTree = "<group>"; };
/* End PBXFileReference section */

/* Begin PBXFrameworksBuildPhase section */
		F1F44389258D838C0052078B /* Frameworks */ = {
			isa = PBXFrameworksBuildPhase;
			buildActionMask = 2147483647;
			files = (
			);
			runOnlyForDeploymentPostprocessing = 0;
		};
		F1F4439A258D83910052078B /* Frameworks */ = {
			isa = PBXFrameworksBuildPhase;
			buildActionMask = 2147483647;
			files = (
			);
			runOnlyForDeploymentPostprocessing = 0;
		};
		F1F443A5258D83910052078B /* Frameworks */ = {
			isa = PBXFrameworksBuildPhase;
			buildActionMask = 2147483647;
			files = (
			);
			runOnlyForDeploymentPostprocessing = 0;
		};
/* End PBXFrameworksBuildPhase section */

/* Begin PBXGroup section */
		F1F44383258D838C0052078B = {
			isa = PBXGroup;
			children = (
				F1F4438E258D838C0052078B /* Go 4all */,
				F1F443A0258D83910052078B /* Go 4allTests */,
				F1F443AB258D83910052078B /* Go 4allUITests */,
				F1F4438D258D838C0052078B /* Products */,
			);
			sourceTree = "<group>";
		};
		F1F4438D258D838C0052078B /* Products */ = {
			isa = PBXGroup;
			children = (
				F1F4438C258D838C0052078B /* Go 4all.app */,
				F1F4439D258D83910052078B /* Go 4allTests.xctest */,
				F1F443A8258D83910052078B /* Go 4allUITests.xctest */,
			);
			name = Products;
			sourceTree = "<group>";
		};
		F1F4438E258D838C0052078B /* Go 4all */ = {
			isa = PBXGroup;
			children = (
				F1F4438F258D838C0052078B /* Go_4allApp.swift */,
				F1F44391258D838C0052078B /* ContentView.swift */,
				F1F443BD258DA16B0052078B /* File.swift */,
				F1F44393258D83910052078B /* Assets.xcassets */,
				F1F44398258D83910052078B /* Info.plist */,
				F1F44395258D83910052078B /* Preview Content */,
			);
			path = "Go 4all";
			sourceTree = "<group>";
		};
		F1F44395258D83910052078B /* Preview Content */ = {
			isa = PBXGroup;
			children = (
				F1F44396258D83910052078B /* Preview Assets.xcassets */,
			);
			path = "Preview Content";
			sourceTree = "<group>";
		};
		F1F443A0258D83910052078B /* Go 4allTests */ = {
			isa = PBXGroup;
			children = (
				F1F443A1258D83910052078B /* Go_4allTests.swift */,
				F1F443A3258D83910052078B /* Info.plist */,
			);
			path = "Go 4allTests";
			sourceTree = "<group>";
		};
		F1F443AB258D83910052078B /* Go 4allUITests */ = {
			isa = PBXGroup;
			children = (
				F1F443AC258D83910052078B /* Go_4allUITests.swift */,
				F1F443AE258D83910052078B /* Info.plist */,
			);
			path = "Go 4allUITests";
			sourceTree = "<group>";
		};
/* End PBXGroup section */

/* Begin PBXNativeTarget section */
		F1F4438B258D838C0052078B /* Go 4all */ = {
			isa = PBXNativeTarget;
			buildConfigurationList = F1F443B1258D83910052078B /* Build configuration list for PBXNativeTarget "Go 4all" */;
			buildPhases = (
				F1F44388258D838C0052078B /* Sources */,
				F1F44389258D838C0052078B /* Frameworks */,
				F1F4438A258D838C0052078B /* Resources */,
			);
			buildRules = (
			);
			dependencies = (
			);
			name = "Go 4all";
			productName = "Go 4all";
			productReference = F1F4438C258D838C0052078B /* Go 4all.app */;
			productType = "com.apple.product-type.application";
		};
		F1F4439C258D83910052078B /* Go 4allTests */ = {
			isa = PBXNativeTarget;
			buildConfigurationList = F1F443B4258D83910052078B /* Build configuration list for PBXNativeTarget "Go 4allTests" */;
			buildPhases = (
				F1F44399258D83910052078B /* Sources */,
				F1F4439A258D83910052078B /* Frameworks */,
				F1F4439B258D83910052078B /* Resources */,
			);
			buildRules = (
			);
			dependencies = (
				F1F4439F258D83910052078B /* PBXTargetDependency */,
			);
			name = "Go 4allTests";
			productName = "Go 4allTests";
			productReference = F1F4439D258D83910052078B /* Go 4allTests.xctest */;
			productType = "com.apple.product-type.bundle.unit-test";
		};
		F1F443A7258D83910052078B /* Go 4allUITests */ = {
			isa = PBXNativeTarget;
			buildConfigurationList = F1F443B7258D83910052078B /* Build configuration list for PBXNativeTarget "Go 4allUITests" */;
			buildPhases = (
				F1F443A4258D83910052078B /* Sources */,
				F1F443A5258D83910052078B /* Frameworks */,
				F1F443A6258D83910052078B /* Resources */,
			);
			buildRules = (
			);
			dependencies = (
				F1F443AA258D83910052078B /* PBXTargetDependency */,
			);
			name = "Go 4allUITests";
			productName = "Go 4allUITests";
			productReference = F1F443A8258D83910052078B /* Go 4allUITests.xctest */;
			productType = "com.apple.product-type.bundle.ui-testing";
		};
/* End PBXNativeTarget section */

/* Begin PBXProject section */
		F1F44384258D838C0052078B /* Project object */ = {
			isa = PBXProject;
			attributes = {
				LastSwiftUpdateCheck = 1220;
				LastUpgradeCheck = 1220;
				TargetAttributes = {
					F1F4438B258D838C0052078B = {
						CreatedOnToolsVersion = 12.2;
					};
					F1F4439C258D83910052078B = {
						CreatedOnToolsVersion = 12.2;
						TestTargetID = F1F4438B258D838C0052078B;
					};
					F1F443A7258D83910052078B = {
						CreatedOnToolsVersion = 12.2;
						TestTargetID = F1F4438B258D838C0052078B;
					};
				};
			};
			buildConfigurationList = F1F44387258D838C0052078B /* Build configuration list for PBXProject "Go 4all" */;
			compatibilityVersion = "Xcode 9.3";
			developmentRegion = en;
			hasScannedForEncodings = 0;
			knownRegions = (
				en,
				Base,
			);
			mainGroup = F1F44383258D838C0052078B;
			productRefGroup = F1F4438D258D838C0052078B /* Products */;
			projectDirPath = "";
			projectRoot = "";
			targets = (
				F1F4438B258D838C0052078B /* Go 4all */,
				F1F4439C258D83910052078B /* Go 4allTests */,
				F1F443A7258D83910052078B /* Go 4allUITests */,
			);
		};
/* End PBXProject section */

/* Begin PBXResourcesBuildPhase section */
		F1F4438A258D838C0052078B /* Resources */ = {
			isa = PBXResourcesBuildPhase;
			buildActionMask = 2147483647;
			files = (
				F1F44397258D83910052078B /* Preview Assets.xcassets in Resources */,
				F1F44394258D83910052078B /* Assets.xcassets in Resources */,
			);
			runOnlyForDeploymentPostprocessing = 0;
		};
		F1F4439B258D83910052078B /* Resources */ = {
			isa = PBXResourcesBuildPhase;
			buildActionMask = 2147483647;
			files = (
			);
			runOnlyForDeploymentPostprocessing = 0;
		};
		F1F443A6258D83910052078B /* Resources */ = {
			isa = PBXResourcesBuildPhase;
			buildActionMask = 2147483647;
			files = (
			);
			runOnlyForDeploymentPostprocessing = 0;
		};
/* End PBXResourcesBuildPhase section */

/* Begin PBXSourcesBuildPhase section */
		F1F44388258D838C0052078B /* Sources */ = {
			isa = PBXSourcesBuildPhase;
			buildActionMask = 2147483647;
			files = (
				F1F44392258D838C0052078B /* ContentView.swift in Sources */,
				F1F443BE258DA16B0052078B /* File.swift in Sources */,
				F1F44390258D838C0052078B /* Go_4allApp.swift in Sources */,
			);
			runOnlyForDeploymentPostprocessing = 0;
		};
		F1F44399258D83910052078B /* Sources */ = {
			isa = PBXSourcesBuildPhase;
			buildActionMask = 2147483647;
			files = (
				F1F443A2258D83910052078B /* Go_4allTests.swift in Sources */,
			);
			runOnlyForDeploymentPostprocessing = 0;
		};
		F1F443A4258D83910052078B /* Sources */ = {
			isa = PBXSourcesBuildPhase;
			buildActionMask = 2147483647;
			files = (
				F1F443AD258D83910052078B /* Go_4allUITests.swift in Sources */,
			);
			runOnlyForDeploymentPostprocessing = 0;
		};
/* End PBXSourcesBuildPhase section */

/* Begin PBXTargetDependency section */
		F1F4439F258D83910052078B /* PBXTargetDependency */ = {
			isa = PBXTargetDependency;
			target = F1F4438B258D838C0052078B /* Go 4all */;
			targetProxy = F1F4439E258D83910052078B /* PBXContainerItemProxy */;
		};
		F1F443AA258D83910052078B /* PBXTargetDependency */ = {
			isa = PBXTargetDependency;
			target = F1F4438B258D838C0052078B /* Go 4all */;
			targetProxy = F1F443A9258D83910052078B /* PBXContainerItemProxy */;
		};
/* End PBXTargetDependency section */

/* Begin XCBuildConfiguration section */
		F1F443AF258D83910052078B /* Debug */ = {
			isa = XCBuildConfiguration;
			buildSettings = {
				ALWAYS_SEARCH_USER_PATHS = NO;
				CLANG_ANALYZER_NONNULL = YES;
				CLANG_ANALYZER_NUMBER_OBJECT_CONVERSION = YES_AGGRESSIVE;
				CLANG_CXX_LANGUAGE_STANDARD = "gnu++14";
				CLANG_CXX_LIBRARY = "libc++";
				CLANG_ENABLE_MODULES = YES;
				CLANG_ENABLE_OBJC_ARC = YES;
				CLANG_ENABLE_OBJC_WEAK = YES;
				CLANG_WARN_BLOCK_CAPTURE_AUTORELEASING = YES;
				CLANG_WARN_BOOL_CONVERSION = YES;
				CLANG_WARN_COMMA = YES;
				CLANG_WARN_CONSTANT_CONVERSION = YES;
				CLANG_WARN_DEPRECATED_OBJC_IMPLEMENTATIONS = YES;
				CLANG_WARN_DIRECT_OBJC_ISA_USAGE = YES_ERROR;
				CLANG_WARN_DOCUMENTATION_COMMENTS = YES;
				CLANG_WARN_EMPTY_BODY = YES;
				CLANG_WARN_ENUM_CONVERSION = YES;
				CLANG_WARN_INFINITE_RECURSION = YES;
				CLANG_WARN_INT_CONVERSION = YES;
				CLANG_WARN_NON_LITERAL_NULL_CONVERSION = YES;
				CLANG_WARN_OBJC_IMPLICIT_RETAIN_SELF = YES;
				CLANG_WARN_OBJC_LITERAL_CONVERSION = YES;
				CLANG_WARN_OBJC_ROOT_CLASS = YES_ERROR;
				CLANG_WARN_QUOTED_INCLUDE_IN_FRAMEWORK_HEADER = YES;
				CLANG_WARN_RANGE_LOOP_ANALYSIS = YES;
				CLANG_WARN_STRICT_PROTOTYPES = YES;
				CLANG_WARN_SUSPICIOUS_MOVE = YES;
				CLANG_WARN_UNGUARDED_AVAILABILITY = YES_AGGRESSIVE;
				CLANG_WARN_UNREACHABLE_CODE = YES;
				CLANG_WARN__DUPLICATE_METHOD_MATCH = YES;
				COPY_PHASE_STRIP = NO;
				DEBUG_INFORMATION_FORMAT = dwarf;
				ENABLE_STRICT_OBJC_MSGSEND = YES;
				ENABLE_TESTABILITY = YES;
				GCC_C_LANGUAGE_STANDARD = gnu11;
				GCC_DYNAMIC_NO_PIC = NO;
				GCC_NO_COMMON_BLOCKS = YES;
				GCC_OPTIMIZATION_LEVEL = 0;
				GCC_PREPROCESSOR_DEFINITIONS = (
					"DEBUG=1",
					"$(inherited)",
				);
				GCC_WARN_64_TO_32_BIT_CONVERSION = YES;
				GCC_WARN_ABOUT_RETURN_TYPE = YES_ERROR;
				GCC_WARN_UNDECLARED_SELECTOR = YES;
				GCC_WARN_UNINITIALIZED_AUTOS = YES_AGGRESSIVE;
				GCC_WARN_UNUSED_FUNCTION = YES;
				GCC_WARN_UNUSED_VARIABLE = YES;
				IPHONEOS_DEPLOYMENT_TARGET = 14.2;
				MTL_ENABLE_DEBUG_INFO = INCLUDE_SOURCE;
				MTL_FAST_MATH = YES;
				ONLY_ACTIVE_ARCH = YES;
				SDKROOT = iphoneos;
				SWIFT_ACTIVE_COMPILATION_CONDITIONS = DEBUG;
				SWIFT_OPTIMIZATION_LEVEL = "-Onone";
			};
			name = Debug;
		};
		F1F443B0258D83910052078B /* Release */ = {
			isa = XCBuildConfiguration;
			buildSettings = {
				ALWAYS_SEARCH_USER_PATHS = NO;
				CLANG_ANALYZER_NONNULL = YES;
				CLANG_ANALYZER_NUMBER_OBJECT_CONVERSION = YES_AGGRESSIVE;
				CLANG_CXX_LANGUAGE_STANDARD = "gnu++14";
				CLANG_CXX_LIBRARY = "libc++";
				CLANG_ENABLE_MODULES = YES;
				CLANG_ENABLE_OBJC_ARC = YES;
				CLANG_ENABLE_OBJC_WEAK = YES;
				CLANG_WARN_BLOCK_CAPTURE_AUTORELEASING = YES;
				CLANG_WARN_BOOL_CONVERSION = YES;
				CLANG_WARN_COMMA = YES;
				CLANG_WARN_CONSTANT_CONVERSION = YES;
				CLANG_WARN_DEPRECATED_OBJC_IMPLEMENTATIONS = YES;
				CLANG_WARN_DIRECT_OBJC_ISA_USAGE = YES_ERROR;
				CLANG_WARN_DOCUMENTATION_COMMENTS = YES;
				CLANG_WARN_EMPTY_BODY = YES;
				CLANG_WARN_ENUM_CONVERSION = YES;
				CLANG_WARN_INFINITE_RECURSION = YES;
				CLANG_WARN_INT_CONVERSION = YES;
				CLANG_WARN_NON_LITERAL_NULL_CONVERSION = YES;
				CLANG_WARN_OBJC_IMPLICIT_RETAIN_SELF = YES;
				CLANG_WARN_OBJC_LITERAL_CONVERSION = YES;
				CLANG_WARN_OBJC_ROOT_CLASS = YES_ERROR;
				CLANG_WARN_QUOTED_INCLUDE_IN_FRAMEWORK_HEADER = YES;
				CLANG_WARN_RANGE_LOOP_ANALYSIS = YES;
				CLANG_WARN_STRICT_PROTOTYPES = YES;
				CLANG_WARN_SUSPICIOUS_MOVE = YES;
				CLANG_WARN_UNGUARDED_AVAILABILITY = YES_AGGRESSIVE;
				CLANG_WARN_UNREACHABLE_CODE = YES;
				CLANG_WARN__DUPLICATE_METHOD_MATCH = YES;
				COPY_PHASE_STRIP = NO;
				DEBUG_INFORMATION_FORMAT = "dwarf-with-dsym";
				ENABLE_NS_ASSERTIONS = NO;
				ENABLE_STRICT_OBJC_MSGSEND = YES;
				GCC_C_LANGUAGE_STANDARD = gnu11;
				GCC_NO_COMMON_BLOCKS = YES;
				GCC_WARN_64_TO_32_BIT_CONVERSION = YES;
				GCC_WARN_ABOUT_RETURN_TYPE = YES_ERROR;
				GCC_WARN_UNDECLARED_SELECTOR = YES;
				GCC_WARN_UNINITIALIZED_AUTOS = YES_AGGRESSIVE;
				GCC_WARN_UNUSED_FUNCTION = YES;
				GCC_WARN_UNUSED_VARIABLE = YES;
				IPHONEOS_DEPLOYMENT_TARGET = 14.2;
				MTL_ENABLE_DEBUG_INFO = NO;
				MTL_FAST_MATH = YES;
				SDKROOT = iphoneos;
				SWIFT_COMPILATION_MODE = wholemodule;
				SWIFT_OPTIMIZATION_LEVEL = "-O";
				VALIDATE_PRODUCT = YES;
			};
			name = Release;
		};
		F1F443B2258D83910052078B /* Debug */ = {
			isa = XCBuildConfiguration;
			buildSettings = {
				ASSETCATALOG_COMPILER_APPICON_NAME = AppIcon;
				ASSETCATALOG_COMPILER_GLOBAL_ACCENT_COLOR_NAME = AccentColor;
				CODE_SIGN_STYLE = Automatic;
				DEVELOPMENT_ASSET_PATHS = "\"Go 4all/Preview Content\"";
				ENABLE_PREVIEWS = YES;
				INFOPLIST_FILE = "Go 4all/Info.plist";
				IPHONEOS_DEPLOYMENT_TARGET = 14.0;
				LD_RUNPATH_SEARCH_PATHS = (
					"$(inherited)",
					"@executable_path/Frameworks",
				);
				PRODUCT_BUNDLE_IDENTIFIER = "bellyes.Go-4all";
				PRODUCT_NAME = "$(TARGET_NAME)";
				SWIFT_VERSION = 5.0;
				TARGETED_DEVICE_FAMILY = "1,2";
			};
			name = Debug;
		};
		F1F443B3258D83910052078B /* Release */ = {
			isa = XCBuildConfiguration;
			buildSettings = {
				ASSETCATALOG_COMPILER_APPICON_NAME = AppIcon;
				ASSETCATALOG_COMPILER_GLOBAL_ACCENT_COLOR_NAME = AccentColor;
				CODE_SIGN_STYLE = Automatic;
				DEVELOPMENT_ASSET_PATHS = "\"Go 4all/Preview Content\"";
				ENABLE_PREVIEWS = YES;
				INFOPLIST_FILE = "Go 4all/Info.plist";
				IPHONEOS_DEPLOYMENT_TARGET = 14.0;
				LD_RUNPATH_SEARCH_PATHS = (
					"$(inherited)",
					"@executable_path/Frameworks",
				);
				PRODUCT_BUNDLE_IDENTIFIER = "bellyes.Go-4all";
				PRODUCT_NAME = "$(TARGET_NAME)";
				SWIFT_VERSION = 5.0;
				TARGETED_DEVICE_FAMILY = "1,2";
			};
			name = Release;
		};
		F1F443B5258D83910052078B /* Debug */ = {
			isa = XCBuildConfiguration;
			buildSettings = {
				ALWAYS_EMBED_SWIFT_STANDARD_LIBRARIES = YES;
				BUNDLE_LOADER = "$(TEST_HOST)";
				CODE_SIGN_STYLE = Automatic;
				INFOPLIST_FILE = "Go 4allTests/Info.plist";
				IPHONEOS_DEPLOYMENT_TARGET = 14.0;
				LD_RUNPATH_SEARCH_PATHS = (
					"$(inherited)",
					"@executable_path/Frameworks",
					"@loader_path/Frameworks",
				);
				PRODUCT_BUNDLE_IDENTIFIER = "bellyes.Go-4allTests";
				PRODUCT_NAME = "$(TARGET_NAME)";
				SWIFT_VERSION = 5.0;
				TARGETED_DEVICE_FAMILY = "1,2";
				TEST_HOST = "$(BUILT_PRODUCTS_DIR)/Go 4all.app/Go 4all";
			};
			name = Debug;
		};
		F1F443B6258D83910052078B /* Release */ = {
			isa = XCBuildConfiguration;
			buildSettings = {
				ALWAYS_EMBED_SWIFT_STANDARD_LIBRARIES = YES;
				BUNDLE_LOADER = "$(TEST_HOST)";
				CODE_SIGN_STYLE = Automatic;
				INFOPLIST_FILE = "Go 4allTests/Info.plist";
				IPHONEOS_DEPLOYMENT_TARGET = 14.0;
				LD_RUNPATH_SEARCH_PATHS = (
					"$(inherited)",
					"@executable_path/Frameworks",
					"@loader_path/Frameworks",
				);
				PRODUCT_BUNDLE_IDENTIFIER = "bellyes.Go-4allTests";
				PRODUCT_NAME = "$(TARGET_NAME)";
				SWIFT_VERSION = 5.0;
				TARGETED_DEVICE_FAMILY = "1,2";
				TEST_HOST = "$(BUILT_PRODUCTS_DIR)/Go 4all.app/Go 4all";
			};
			name = Release;
		};
		F1F443B8258D83910052078B /* Debug */ = {
			isa = XCBuildConfiguration;
			buildSettings = {
				ALWAYS_EMBED_SWIFT_STANDARD_LIBRARIES = YES;
				CODE_SIGN_STYLE = Automatic;
				INFOPLIST_FILE = "Go 4allUITests/Info.plist";
				LD_RUNPATH_SEARCH_PATHS = (
					"$(inherited)",
					"@executable_path/Frameworks",
					"@loader_path/Frameworks",
				);
				PRODUCT_BUNDLE_IDENTIFIER = "bellyes.Go-4allUITests";
				PRODUCT_NAME = "$(TARGET_NAME)";
				SWIFT_VERSION = 5.0;
				TARGETED_DEVICE_FAMILY = "1,2";
				TEST_TARGET_NAME = "Go 4all";
			};
			name = Debug;
		};
		F1F443B9258D83910052078B /* Release */ = {
			isa = XCBuildConfiguration;
			buildSettings = {
				ALWAYS_EMBED_SWIFT_STANDARD_LIBRARIES = YES;
				CODE_SIGN_STYLE = Automatic;
				INFOPLIST_FILE = "Go 4allUITests/Info.plist";
				LD_RUNPATH_SEARCH_PATHS = (
					"$(inherited)",
					"@executable_path/Frameworks",
					"@loader_path/Frameworks",
				);
				PRODUCT_BUNDLE_IDENTIFIER = "bellyes.Go-4allUITests";
				PRODUCT_NAME = "$(TARGET_NAME)";
				SWIFT_VERSION = 5.0;
				TARGETED_DEVICE_FAMILY = "1,2";
				TEST_TARGET_NAME = "Go 4all";
			};
			name = Release;
		};
/* End XCBuildConfiguration section */

/* Begin XCConfigurationList section */
		F1F44387258D838C0052078B /* Build configuration list for PBXProject "Go 4all" */ = {
			isa = XCConfigurationList;
			buildConfigurations = (
				F1F443AF258D83910052078B /* Debug */,
				F1F443B0258D83910052078B /* Release */,
			);
			defaultConfigurationIsVisible = 0;
			defaultConfigurationName = Release;
		};
		F1F443B1258D83910052078B /* Build configuration list for PBXNativeTarget "Go 4all" */ = {
			isa = XCConfigurationList;
			buildConfigurations = (
				F1F443B2258D83910052078B /* Debug */,
				F1F443B3258D83910052078B /* Release */,
			);
			defaultConfigurationIsVisible = 0;
			defaultConfigurationName = Release;
		};
		F1F443B4258D83910052078B /* Build configuration list for PBXNativeTarget "Go 4allTests" */ = {
			isa = XCConfigurationList;
			buildConfigurations = (
				F1F443B5258D83910052078B /* Debug */,
				F1F443B6258D83910052078B /* Release */,
			);
			defaultConfigurationIsVisible = 0;
			defaultConfigurationName = Release;
		};
		F1F443B7258D83910052078B /* Build configuration list for PBXNativeTarget "Go 4allUITests" */ = {
			isa = XCConfigurationList;
			buildConfigurations = (
				F1F443B8258D83910052078B /* Debug */,
				F1F443B9258D83910052078B /* Release */,
			);
			defaultConfigurationIsVisible = 0;
			defaultConfigurationName = Release;
		};
/* End XCConfigurationList section */
	};
	rootObject = F1F44384258D838C0052078B /* Project object */;
}
